// !$*UTF8*$!
{
	archiveVersion = 1;
	classes = {
	};
	objectVersion = 56;
	objects = {

/* Begin PBXBuildFile section */
		86888A5C2C16D0EF00E90FF0 /* List_Exercise_FourApp.swift in Sources */ = {isa = PBXBuildFile; fileRef = 86888A5B2C16D0EF00E90FF0 /* List_Exercise_FourApp.swift */; };
		86888A5E2C16D0EF00E90FF0 /* ContentView.swift in Sources */ = {isa = PBXBuildFile; fileRef = 86888A5D2C16D0EF00E90FF0 /* ContentView.swift */; };
		86888A602C16D0F000E90FF0 /* Assets.xcassets in Resources */ = {isa = PBXBuildFile; fileRef = 86888A5F2C16D0F000E90FF0 /* Assets.xcassets */; };
		86888A632C16D0F000E90FF0 /* Preview Assets.xcassets in Resources */ = {isa = PBXBuildFile; fileRef = 86888A622C16D0F000E90FF0 /* Preview Assets.xcassets */; };
		86888A6D2C16D0F000E90FF0 /* List_Exercise_FourTests.swift in Sources */ = {isa = PBXBuildFile; fileRef = 86888A6C2C16D0F000E90FF0 /* List_Exercise_FourTests.swift */; };
		86888A772C16D0F000E90FF0 /* List_Exercise_FourUITests.swift in Sources */ = {isa = PBXBuildFile; fileRef = 86888A762C16D0F000E90FF0 /* List_Exercise_FourUITests.swift */; };
		86888A792C16D0F000E90FF0 /* List_Exercise_FourUITestsLaunchTests.swift in Sources */ = {isa = PBXBuildFile; fileRef = 86888A782C16D0F000E90FF0 /* List_Exercise_FourUITestsLaunchTests.swift */; };
/* End PBXBuildFile section */

/* Begin PBXContainerItemProxy section */
		86888A692C16D0F000E90FF0 /* PBXContainerItemProxy */ = {
			isa = PBXContainerItemProxy;
			containerPortal = 86888A502C16D0EF00E90FF0 /* Project object */;
			proxyType = 1;
			remoteGlobalIDString = 86888A572C16D0EF00E90FF0;
			remoteInfo = List_Exercise_Four;
		};
		86888A732C16D0F000E90FF0 /* PBXContainerItemProxy */ = {
			isa = PBXContainerItemProxy;
			containerPortal = 86888A502C16D0EF00E90FF0 /* Project object */;
			proxyType = 1;
			remoteGlobalIDString = 86888A572C16D0EF00E90FF0;
			remoteInfo = List_Exercise_Four;
		};
/* End PBXContainerItemProxy section */

/* Begin PBXFileReference section */
		86888A582C16D0EF00E90FF0 /* List_Exercise_Four.app */ = {isa = PBXFileReference; explicitFileType = wrapper.application; includeInIndex = 0; path = List_Exercise_Four.app; sourceTree = BUILT_PRODUCTS_DIR; };
		86888A5B2C16D0EF00E90FF0 /* List_Exercise_FourApp.swift */ = {isa = PBXFileReference; lastKnownFileType = sourcecode.swift; path = List_Exercise_FourApp.swift; sourceTree = "<group>"; };
		86888A5D2C16D0EF00E90FF0 /* ContentView.swift */ = {isa = PBXFileReference; lastKnownFileType = sourcecode.swift; path = ContentView.swift; sourceTree = "<group>"; };
		86888A5F2C16D0F000E90FF0 /* Assets.xcassets */ = {isa = PBXFileReference; lastKnownFileType = folder.assetcatalog; path = Assets.xcassets; sourceTree = "<group>"; };
		86888A622C16D0F000E90FF0 /* Preview Assets.xcassets */ = {isa = PBXFileReference; lastKnownFileType = folder.assetcatalog; path = "Preview Assets.xcassets"; sourceTree = "<group>"; };
		86888A682C16D0F000E90FF0 /* List_Exercise_FourTests.xctest */ = {isa = PBXFileReference; explicitFileType = wrapper.cfbundle; includeInIndex = 0; path = List_Exercise_FourTests.xctest; sourceTree = BUILT_PRODUCTS_DIR; };
		86888A6C2C16D0F000E90FF0 /* List_Exercise_FourTests.swift */ = {isa = PBXFileReference; lastKnownFileType = sourcecode.swift; path = List_Exercise_FourTests.swift; sourceTree = "<group>"; };
		86888A722C16D0F000E90FF0 /* List_Exercise_FourUITests.xctest */ = {isa = PBXFileReference; explicitFileType = wrapper.cfbundle; includeInIndex = 0; path = List_Exercise_FourUITests.xctest; sourceTree = BUILT_PRODUCTS_DIR; };
		86888A762C16D0F000E90FF0 /* List_Exercise_FourUITests.swift */ = {isa = PBXFileReference; lastKnownFileType = sourcecode.swift; path = List_Exercise_FourUITests.swift; sourceTree = "<group>"; };
		86888A782C16D0F000E90FF0 /* List_Exercise_FourUITestsLaunchTests.swift */ = {isa = PBXFileReference; lastKnownFileType = sourcecode.swift; path = List_Exercise_FourUITestsLaunchTests.swift; sourceTree = "<group>"; };
/* End PBXFileReference section */

/* Begin PBXFrameworksBuildPhase section */
		86888A552C16D0EF00E90FF0 /* Frameworks */ = {
			isa = PBXFrameworksBuildPhase;
			buildActionMask = 2147483647;
			files = (
			);
			runOnlyForDeploymentPostprocessing = 0;
		};
		86888A652C16D0F000E90FF0 /* Frameworks */ = {
			isa = PBXFrameworksBuildPhase;
			buildActionMask = 2147483647;
			files = (
			);
			runOnlyForDeploymentPostprocessing = 0;
		};
		86888A6F2C16D0F000E90FF0 /* Frameworks */ = {
			isa = PBXFrameworksBuildPhase;
			buildActionMask = 2147483647;
			files = (
			);
			runOnlyForDeploymentPostprocessing = 0;
		};
/* End PBXFrameworksBuildPhase section */

/* Begin PBXGroup section */
		86888A4F2C16D0EF00E90FF0 = {
			isa = PBXGroup;
			children = (
				86888A5A2C16D0EF00E90FF0 /* List_Exercise_Four */,
				86888A6B2C16D0F000E90FF0 /* List_Exercise_FourTests */,
				86888A752C16D0F000E90FF0 /* List_Exercise_FourUITests */,
				86888A592C16D0EF00E90FF0 /* Products */,
			);
			sourceTree = "<group>";
		};
		86888A592C16D0EF00E90FF0 /* Products */ = {
			isa = PBXGroup;
			children = (
				86888A582C16D0EF00E90FF0 /* List_Exercise_Four.app */,
				86888A682C16D0F000E90FF0 /* List_Exercise_FourTests.xctest */,
				86888A722C16D0F000E90FF0 /* List_Exercise_FourUITests.xctest */,
			);
			name = Products;
			sourceTree = "<group>";
		};
		86888A5A2C16D0EF00E90FF0 /* List_Exercise_Four */ = {
			isa = PBXGroup;
			children = (
				86888A5B2C16D0EF00E90FF0 /* List_Exercise_FourApp.swift */,
				86888A5D2C16D0EF00E90FF0 /* ContentView.swift */,
				86888A5F2C16D0F000E90FF0 /* Assets.xcassets */,
				86888A612C16D0F000E90FF0 /* Preview Content */,
			);
			path = List_Exercise_Four;
			sourceTree = "<group>";
		};
		86888A612C16D0F000E90FF0 /* Preview Content */ = {
			isa = PBXGroup;
			children = (
				86888A622C16D0F000E90FF0 /* Preview Assets.xcassets */,
			);
			path = "Preview Content";
			sourceTree = "<group>";
		};
		86888A6B2C16D0F000E90FF0 /* List_Exercise_FourTests */ = {
			isa = PBXGroup;
			children = (
				86888A6C2C16D0F000E90FF0 /* List_Exercise_FourTests.swift */,
			);
			path = List_Exercise_FourTests;
			sourceTree = "<group>";
		};
		86888A752C16D0F000E90FF0 /* List_Exercise_FourUITests */ = {
			isa = PBXGroup;
			children = (
				86888A762C16D0F000E90FF0 /* List_Exercise_FourUITests.swift */,
				86888A782C16D0F000E90FF0 /* List_Exercise_FourUITestsLaunchTests.swift */,
			);
			path = List_Exercise_FourUITests;
			sourceTree = "<group>";
		};
/* End PBXGroup section */

/* Begin PBXNativeTarget section */
		86888A572C16D0EF00E90FF0 /* List_Exercise_Four */ = {
			isa = PBXNativeTarget;
			buildConfigurationList = 86888A7C2C16D0F000E90FF0 /* Build configuration list for PBXNativeTarget "List_Exercise_Four" */;
			buildPhases = (
				86888A542C16D0EF00E90FF0 /* Sources */,
				86888A552C16D0EF00E90FF0 /* Frameworks */,
				86888A562C16D0EF00E90FF0 /* Resources */,
			);
			buildRules = (
			);
			dependencies = (
			);
			name = List_Exercise_Four;
			productName = List_Exercise_Four;
			productReference = 86888A582C16D0EF00E90FF0 /* List_Exercise_Four.app */;
			productType = "com.apple.product-type.application";
		};
		86888A672C16D0F000E90FF0 /* List_Exercise_FourTests */ = {
			isa = PBXNativeTarget;
			buildConfigurationList = 86888A7F2C16D0F000E90FF0 /* Build configuration list for PBXNativeTarget "List_Exercise_FourTests" */;
			buildPhases = (
				86888A642C16D0F000E90FF0 /* Sources */,
				86888A652C16D0F000E90FF0 /* Frameworks */,
				86888A662C16D0F000E90FF0 /* Resources */,
			);
			buildRules = (
			);
			dependencies = (
				86888A6A2C16D0F000E90FF0 /* PBXTargetDependency */,
			);
			name = List_Exercise_FourTests;
			productName = List_Exercise_FourTests;
			productReference = 86888A682C16D0F000E90FF0 /* List_Exercise_FourTests.xctest */;
			productType = "com.apple.product-type.bundle.unit-test";
		};
		86888A712C16D0F000E90FF0 /* List_Exercise_FourUITests */ = {
			isa = PBXNativeTarget;
			buildConfigurationList = 86888A822C16D0F000E90FF0 /* Build configuration list for PBXNativeTarget "List_Exercise_FourUITests" */;
			buildPhases = (
				86888A6E2C16D0F000E90FF0 /* Sources */,
				86888A6F2C16D0F000E90FF0 /* Frameworks */,
				86888A702C16D0F000E90FF0 /* Resources */,
			);
			buildRules = (
			);
			dependencies = (
				86888A742C16D0F000E90FF0 /* PBXTargetDependency */,
			);
			name = List_Exercise_FourUITests;
			productName = List_Exercise_FourUITests;
			productReference = 86888A722C16D0F000E90FF0 /* List_Exercise_FourUITests.xctest */;
			productType = "com.apple.product-type.bundle.ui-testing";
		};
/* End PBXNativeTarget section */

/* Begin PBXProject section */
		86888A502C16D0EF00E90FF0 /* Project object */ = {
			isa = PBXProject;
			attributes = {
				BuildIndependentTargetsInParallel = 1;
				LastSwiftUpdateCheck = 1510;
				LastUpgradeCheck = 1510;
				TargetAttributes = {
					86888A572C16D0EF00E90FF0 = {
						CreatedOnToolsVersion = 15.1;
					};
					86888A672C16D0F000E90FF0 = {
						CreatedOnToolsVersion = 15.1;
						TestTargetID = 86888A572C16D0EF00E90FF0;
					};
					86888A712C16D0F000E90FF0 = {
						CreatedOnToolsVersion = 15.1;
						TestTargetID = 86888A572C16D0EF00E90FF0;
					};
				};
			};
			buildConfigurationList = 86888A532C16D0EF00E90FF0 /* Build configuration list for PBXProject "List_Exercise_Four" */;
			compatibilityVersion = "Xcode 14.0";
			developmentRegion = en;
			hasScannedForEncodings = 0;
			knownRegions = (
				en,
				Base,
			);
			mainGroup = 86888A4F2C16D0EF00E90FF0;
			productRefGroup = 86888A592C16D0EF00E90FF0 /* Products */;
			projectDirPath = "";
			projectRoot = "";
			targets = (
				86888A572C16D0EF00E90FF0 /* List_Exercise_Four */,
				86888A672C16D0F000E90FF0 /* List_Exercise_FourTests */,
				86888A712C16D0F000E90FF0 /* List_Exercise_FourUITests */,
			);
		};
/* End PBXProject section */

/* Begin PBXResourcesBuildPhase section */
		86888A562C16D0EF00E90FF0 /* Resources */ = {
			isa = PBXResourcesBuildPhase;
			buildActionMask = 2147483647;
			files = (
				86888A632C16D0F000E90FF0 /* Preview Assets.xcassets in Resources */,
				86888A602C16D0F000E90FF0 /* Assets.xcassets in Resources */,
			);
			runOnlyForDeploymentPostprocessing = 0;
		};
		86888A662C16D0F000E90FF0 /* Resources */ = {
			isa = PBXResourcesBuildPhase;
			buildActionMask = 2147483647;
			files = (
			);
			runOnlyForDeploymentPostprocessing = 0;
		};
		86888A702C16D0F000E90FF0 /* Resources */ = {
			isa = PBXResourcesBuildPhase;
			buildActionMask = 2147483647;
			files = (
			);
			runOnlyForDeploymentPostprocessing = 0;
		};
/* End PBXResourcesBuildPhase section */

/* Begin PBXSourcesBuildPhase section */
		86888A542C16D0EF00E90FF0 /* Sources */ = {
			isa = PBXSourcesBuildPhase;
			buildActionMask = 2147483647;
			files = (
				86888A5E2C16D0EF00E90FF0 /* ContentView.swift in Sources */,
				86888A5C2C16D0EF00E90FF0 /* List_Exercise_FourApp.swift in Sources */,
			);
			runOnlyForDeploymentPostprocessing = 0;
		};
		86888A642C16D0F000E90FF0 /* Sources */ = {
			isa = PBXSourcesBuildPhase;
			buildActionMask = 2147483647;
			files = (
				86888A6D2C16D0F000E90FF0 /* List_Exercise_FourTests.swift in Sources */,
			);
			runOnlyForDeploymentPostprocessing = 0;
		};
		86888A6E2C16D0F000E90FF0 /* Sources */ = {
			isa = PBXSourcesBuildPhase;
			buildActionMask = 2147483647;
			files = (
				86888A792C16D0F000E90FF0 /* List_Exercise_FourUITestsLaunchTests.swift in Sources */,
				86888A772C16D0F000E90FF0 /* List_Exercise_FourUITests.swift in Sources */,
			);
			runOnlyForDeploymentPostprocessing = 0;
		};
/* End PBXSourcesBuildPhase section */

/* Begin PBXTargetDependency section */
		86888A6A2C16D0F000E90FF0 /* PBXTargetDependency */ = {
			isa = PBXTargetDependency;
			target = 86888A572C16D0EF00E90FF0 /* List_Exercise_Four */;
			targetProxy = 86888A692C16D0F000E90FF0 /* PBXContainerItemProxy */;
		};
		86888A742C16D0F000E90FF0 /* PBXTargetDependency */ = {
			isa = PBXTargetDependency;
			target = 86888A572C16D0EF00E90FF0 /* List_Exercise_Four */;
			targetProxy = 86888A732C16D0F000E90FF0 /* PBXContainerItemProxy */;
		};
/* End PBXTargetDependency section */

/* Begin XCBuildConfiguration section */
		86888A7A2C16D0F000E90FF0 /* Debug */ = {
			isa = XCBuildConfiguration;
			buildSettings = {
				ALWAYS_SEARCH_USER_PATHS = NO;
				ASSETCATALOG_COMPILER_GENERATE_SWIFT_ASSET_SYMBOL_EXTENSIONS = YES;
				CLANG_ANALYZER_NONNULL = YES;
				CLANG_ANALYZER_NUMBER_OBJECT_CONVERSION = YES_AGGRESSIVE;
				CLANG_CXX_LANGUAGE_STANDARD = "gnu++20";
				CLANG_ENABLE_MODULES = YES;
				CLANG_ENABLE_OBJC_ARC = YES;
				CLANG_ENABLE_OBJC_WEAK = YES;
				CLANG_WARN_BLOCK_CAPTURE_AUTORELEASING = YES;
				CLANG_WARN_BOOL_CONVERSION = YES;
				CLANG_WARN_COMMA = YES;
				CLANG_WARN_CONSTANT_CONVERSION = YES;
				CLANG_WARN_DEPRECATED_OBJC_IMPLEMENTATIONS = YES;
				CLANG_WARN_DIRECT_OBJC_ISA_USAGE = YES_ERROR;
				CLANG_WARN_DOCUMENTATION_COMMENTS = YES;
				CLANG_WARN_EMPTY_BODY = YES;
				CLANG_WARN_ENUM_CONVERSION = YES;
				CLANG_WARN_INFINITE_RECURSION = YES;
				CLANG_WARN_INT_CONVERSION = YES;
				CLANG_WARN_NON_LITERAL_NULL_CONVERSION = YES;
				CLANG_WARN_OBJC_IMPLICIT_RETAIN_SELF = YES;
				CLANG_WARN_OBJC_LITERAL_CONVERSION = YES;
				CLANG_WARN_OBJC_ROOT_CLASS = YES_ERROR;
				CLANG_WARN_QUOTED_INCLUDE_IN_FRAMEWORK_HEADER = YES;
				CLANG_WARN_RANGE_LOOP_ANALYSIS = YES;
				CLANG_WARN_STRICT_PROTOTYPES = YES;
				CLANG_WARN_SUSPICIOUS_MOVE = YES;
				CLANG_WARN_UNGUARDED_AVAILABILITY = YES_AGGRESSIVE;
				CLANG_WARN_UNREACHABLE_CODE = YES;
				CLANG_WARN__DUPLICATE_METHOD_MATCH = YES;
				COPY_PHASE_STRIP = NO;
				DEBUG_INFORMATION_FORMAT = dwarf;
				ENABLE_STRICT_OBJC_MSGSEND = YES;
				ENABLE_TESTABILITY = YES;
				ENABLE_USER_SCRIPT_SANDBOXING = YES;
				GCC_C_LANGUAGE_STANDARD = gnu17;
				GCC_DYNAMIC_NO_PIC = NO;
				GCC_NO_COMMON_BLOCKS = YES;
				GCC_OPTIMIZATION_LEVEL = 0;
				GCC_PREPROCESSOR_DEFINITIONS = (
					"DEBUG=1",
					"$(inherited)",
				);
				GCC_WARN_64_TO_32_BIT_CONVERSION = YES;
				GCC_WARN_ABOUT_RETURN_TYPE = YES_ERROR;
				GCC_WARN_UNDECLARED_SELECTOR = YES;
				GCC_WARN_UNINITIALIZED_AUTOS = YES_AGGRESSIVE;
				GCC_WARN_UNUSED_FUNCTION = YES;
				GCC_WARN_UNUSED_VARIABLE = YES;
				IPHONEOS_DEPLOYMENT_TARGET = 17.2;
				LOCALIZATION_PREFERS_STRING_CATALOGS = YES;
				MTL_ENABLE_DEBUG_INFO = INCLUDE_SOURCE;
				MTL_FAST_MATH = YES;
				ONLY_ACTIVE_ARCH = YES;
				SDKROOT = iphoneos;
				SWIFT_ACTIVE_COMPILATION_CONDITIONS = "DEBUG $(inherited)";
				SWIFT_OPTIMIZATION_LEVEL = "-Onone";
			};
			name = Debug;
		};
		86888A7B2C16D0F000E90FF0 /* Release */ = {
			isa = XCBuildConfiguration;
			buildSettings = {
				ALWAYS_SEARCH_USER_PATHS = NO;
				ASSETCATALOG_COMPILER_GENERATE_SWIFT_ASSET_SYMBOL_EXTENSIONS = YES;
				CLANG_ANALYZER_NONNULL = YES;
				CLANG_ANALYZER_NUMBER_OBJECT_CONVERSION = YES_AGGRESSIVE;
				CLANG_CXX_LANGUAGE_STANDARD = "gnu++20";
				CLANG_ENABLE_MODULES = YES;
				CLANG_ENABLE_OBJC_ARC = YES;
				CLANG_ENABLE_OBJC_WEAK = YES;
				CLANG_WARN_BLOCK_CAPTURE_AUTORELEASING = YES;
				CLANG_WARN_BOOL_CONVERSION = YES;
				CLANG_WARN_COMMA = YES;
				CLANG_WARN_CONSTANT_CONVERSION = YES;
				CLANG_WARN_DEPRECATED_OBJC_IMPLEMENTATIONS = YES;
				CLANG_WARN_DIRECT_OBJC_ISA_USAGE = YES_ERROR;
				CLANG_WARN_DOCUMENTATION_COMMENTS = YES;
				CLANG_WARN_EMPTY_BODY = YES;
				CLANG_WARN_ENUM_CONVERSION = YES;
				CLANG_WARN_INFINITE_RECURSION = YES;
				CLANG_WARN_INT_CONVERSION = YES;
				CLANG_WARN_NON_LITERAL_NULL_CONVERSION = YES;
				CLANG_WARN_OBJC_IMPLICIT_RETAIN_SELF = YES;
				CLANG_WARN_OBJC_LITERAL_CONVERSION = YES;
				CLANG_WARN_OBJC_ROOT_CLASS = YES_ERROR;
				CLANG_WARN_QUOTED_INCLUDE_IN_FRAMEWORK_HEADER = YES;
				CLANG_WARN_RANGE_LOOP_ANALYSIS = YES;
				CLANG_WARN_STRICT_PROTOTYPES = YES;
				CLANG_WARN_SUSPICIOUS_MOVE = YES;
				CLANG_WARN_UNGUARDED_AVAILABILITY = YES_AGGRESSIVE;
				CLANG_WARN_UNREACHABLE_CODE = YES;
				CLANG_WARN__DUPLICATE_METHOD_MATCH = YES;
				COPY_PHASE_STRIP = NO;
				DEBUG_INFORMATION_FORMAT = "dwarf-with-dsym";
				ENABLE_NS_ASSERTIONS = NO;
				ENABLE_STRICT_OBJC_MSGSEND = YES;
				ENABLE_USER_SCRIPT_SANDBOXING = YES;
				GCC_C_LANGUAGE_STANDARD = gnu17;
				GCC_NO_COMMON_BLOCKS = YES;
				GCC_WARN_64_TO_32_BIT_CONVERSION = YES;
				GCC_WARN_ABOUT_RETURN_TYPE = YES_ERROR;
				GCC_WARN_UNDECLARED_SELECTOR = YES;
				GCC_WARN_UNINITIALIZED_AUTOS = YES_AGGRESSIVE;
				GCC_WARN_UNUSED_FUNCTION = YES;
				GCC_WARN_UNUSED_VARIABLE = YES;
				IPHONEOS_DEPLOYMENT_TARGET = 17.2;
				LOCALIZATION_PREFERS_STRING_CATALOGS = YES;
				MTL_ENABLE_DEBUG_INFO = NO;
				MTL_FAST_MATH = YES;
				SDKROOT = iphoneos;
				SWIFT_COMPILATION_MODE = wholemodule;
				VALIDATE_PRODUCT = YES;
			};
			name = Release;
		};
		86888A7D2C16D0F000E90FF0 /* Debug */ = {
			isa = XCBuildConfiguration;
			buildSettings = {
				ASSETCATALOG_COMPILER_APPICON_NAME = AppIcon;
				ASSETCATALOG_COMPILER_GLOBAL_ACCENT_COLOR_NAME = AccentColor;
				CODE_SIGN_STYLE = Automatic;
				CURRENT_PROJECT_VERSION = 1;
				DEVELOPMENT_ASSET_PATHS = "\"List_Exercise_Four/Preview Content\"";
				DEVELOPMENT_TEAM = S99GSD2M2V;
				ENABLE_PREVIEWS = YES;
				GENERATE_INFOPLIST_FILE = YES;
				INFOPLIST_KEY_UIApplicationSceneManifest_Generation = YES;
				INFOPLIST_KEY_UIApplicationSupportsIndirectInputEvents = YES;
				INFOPLIST_KEY_UILaunchScreen_Generation = YES;
				INFOPLIST_KEY_UISupportedInterfaceOrientations_iPad = "UIInterfaceOrientationPortrait UIInterfaceOrientationPortraitUpsideDown UIInterfaceOrientationLandscapeLeft UIInterfaceOrientationLandscapeRight";
				INFOPLIST_KEY_UISupportedInterfaceOrientations_iPhone = "UIInterfaceOrientationPortrait UIInterfaceOrientationLandscapeLeft UIInterfaceOrientationLandscapeRight";
				LD_RUNPATH_SEARCH_PATHS = (
					"$(inherited)",
					"@executable_path/Frameworks",
				);
				MARKETING_VERSION = 1.0;
				PRODUCT_BUNDLE_IDENTIFIER = "com.aungkollin.List-Exercise-Four";
				PRODUCT_NAME = "$(TARGET_NAME)";
				SWIFT_EMIT_LOC_STRINGS = YES;
				SWIFT_VERSION = 5.0;
				TARGETED_DEVICE_FAMILY = "1,2";
			};
			name = Debug;
		};
		86888A7E2C16D0F000E90FF0 /* Release */ = {
			isa = XCBuildConfiguration;
			buildSettings = {
				ASSETCATALOG_COMPILER_APPICON_NAME = AppIcon;
				ASSETCATALOG_COMPILER_GLOBAL_ACCENT_COLOR_NAME = AccentColor;
				CODE_SIGN_STYLE = Automatic;
				CURRENT_PROJECT_VERSION = 1;
				DEVELOPMENT_ASSET_PATHS = "\"List_Exercise_Four/Preview Content\"";
				DEVELOPMENT_TEAM = S99GSD2M2V;
				ENABLE_PREVIEWS = YES;
				GENERATE_INFOPLIST_FILE = YES;
				INFOPLIST_KEY_UIApplicationSceneManifest_Generation = YES;
				INFOPLIST_KEY_UIApplicationSupportsIndirectInputEvents = YES;
				INFOPLIST_KEY_UILaunchScreen_Generation = YES;
				INFOPLIST_KEY_UISupportedInterfaceOrientations_iPad = "UIInterfaceOrientationPortrait UIInterfaceOrientationPortraitUpsideDown UIInterfaceOrientationLandscapeLeft UIInterfaceOrientationLandscapeRight";
				INFOPLIST_KEY_UISupportedInterfaceOrientations_iPhone = "UIInterfaceOrientationPortrait UIInterfaceOrientationLandscapeLeft UIInterfaceOrientationLandscapeRight";
				LD_RUNPATH_SEARCH_PATHS = (
					"$(inherited)",
					"@executable_path/Frameworks",
				);
				MARKETING_VERSION = 1.0;
				PRODUCT_BUNDLE_IDENTIFIER = "com.aungkollin.List-Exercise-Four";
				PRODUCT_NAME = "$(TARGET_NAME)";
				SWIFT_EMIT_LOC_STRINGS = YES;
				SWIFT_VERSION = 5.0;
				TARGETED_DEVICE_FAMILY = "1,2";
			};
			name = Release;
		};
		86888A802C16D0F000E90FF0 /* Debug */ = {
			isa = XCBuildConfiguration;
			buildSettings = {
				ALWAYS_EMBED_SWIFT_STANDARD_LIBRARIES = YES;
				BUNDLE_LOADER = "$(TEST_HOST)";
				CODE_SIGN_STYLE = Automatic;
				CURRENT_PROJECT_VERSION = 1;
				DEVELOPMENT_TEAM = S99GSD2M2V;
				GENERATE_INFOPLIST_FILE = YES;
				IPHONEOS_DEPLOYMENT_TARGET = 17.2;
				MARKETING_VERSION = 1.0;
				PRODUCT_BUNDLE_IDENTIFIER = "com.aungkollin.List-Exercise-FourTests";
				PRODUCT_NAME = "$(TARGET_NAME)";
				SWIFT_EMIT_LOC_STRINGS = NO;
				SWIFT_VERSION = 5.0;
				TARGETED_DEVICE_FAMILY = "1,2";
				TEST_HOST = "$(BUILT_PRODUCTS_DIR)/List_Exercise_Four.app/$(BUNDLE_EXECUTABLE_FOLDER_PATH)/List_Exercise_Four";
			};
			name = Debug;
		};
		86888A812C16D0F000E90FF0 /* Release */ = {
			isa = XCBuildConfiguration;
			buildSettings = {
				ALWAYS_EMBED_SWIFT_STANDARD_LIBRARIES = YES;
				BUNDLE_LOADER = "$(TEST_HOST)";
				CODE_SIGN_STYLE = Automatic;
				CURRENT_PROJECT_VERSION = 1;
				DEVELOPMENT_TEAM = S99GSD2M2V;
				GENERATE_INFOPLIST_FILE = YES;
				IPHONEOS_DEPLOYMENT_TARGET = 17.2;
				MARKETING_VERSION = 1.0;
				PRODUCT_BUNDLE_IDENTIFIER = "com.aungkollin.List-Exercise-FourTests";
				PRODUCT_NAME = "$(TARGET_NAME)";
				SWIFT_EMIT_LOC_STRINGS = NO;
				SWIFT_VERSION = 5.0;
				TARGETED_DEVICE_FAMILY = "1,2";
				TEST_HOST = "$(BUILT_PRODUCTS_DIR)/List_Exercise_Four.app/$(BUNDLE_EXECUTABLE_FOLDER_PATH)/List_Exercise_Four";
			};
			name = Release;
		};
		86888A832C16D0F000E90FF0 /* Debug */ = {
			isa = XCBuildConfiguration;
			buildSettings = {
				ALWAYS_EMBED_SWIFT_STANDARD_LIBRARIES = YES;
				CODE_SIGN_STYLE = Automatic;
				CURRENT_PROJECT_VERSION = 1;
				DEVELOPMENT_TEAM = S99GSD2M2V;
				GENERATE_INFOPLIST_FILE = YES;
				MARKETING_VERSION = 1.0;
				PRODUCT_BUNDLE_IDENTIFIER = "com.aungkollin.List-Exercise-FourUITests";
				PRODUCT_NAME = "$(TARGET_NAME)";
				SWIFT_EMIT_LOC_STRINGS = NO;
				SWIFT_VERSION = 5.0;
				TARGETED_DEVICE_FAMILY = "1,2";
				TEST_TARGET_NAME = List_Exercise_Four;
			};
			name = Debug;
		};
		86888A842C16D0F000E90FF0 /* Release */ = {
			isa = XCBuildConfiguration;
			buildSettings = {
				ALWAYS_EMBED_SWIFT_STANDARD_LIBRARIES = YES;
				CODE_SIGN_STYLE = Automatic;
				CURRENT_PROJECT_VERSION = 1;
				DEVELOPMENT_TEAM = S99GSD2M2V;
				GENERATE_INFOPLIST_FILE = YES;
				MARKETING_VERSION = 1.0;
				PRODUCT_BUNDLE_IDENTIFIER = "com.aungkollin.List-Exercise-FourUITests";
				PRODUCT_NAME = "$(TARGET_NAME)";
				SWIFT_EMIT_LOC_STRINGS = NO;
				SWIFT_VERSION = 5.0;
				TARGETED_DEVICE_FAMILY = "1,2";
				TEST_TARGET_NAME = List_Exercise_Four;
			};
			name = Release;
		};
/* End XCBuildConfiguration section */

/* Begin XCConfigurationList section */
		86888A532C16D0EF00E90FF0 /* Build configuration list for PBXProject "List_Exercise_Four" */ = {
			isa = XCConfigurationList;
			buildConfigurations = (
				86888A7A2C16D0F000E90FF0 /* Debug */,
				86888A7B2C16D0F000E90FF0 /* Release */,
			);
			defaultConfigurationIsVisible = 0;
			defaultConfigurationName = Release;
		};
		86888A7C2C16D0F000E90FF0 /* Build configuration list for PBXNativeTarget "List_Exercise_Four" */ = {
			isa = XCConfigurationList;
			buildConfigurations = (
				86888A7D2C16D0F000E90FF0 /* Debug */,
				86888A7E2C16D0F000E90FF0 /* Release */,
			);
			defaultConfigurationIsVisible = 0;
			defaultConfigurationName = Release;
		};
		86888A7F2C16D0F000E90FF0 /* Build configuration list for PBXNativeTarget "List_Exercise_FourTests" */ = {
			isa = XCConfigurationList;
			buildConfigurations = (
				86888A802C16D0F000E90FF0 /* Debug */,
				86888A812C16D0F000E90FF0 /* Release */,
			);
			defaultConfigurationIsVisible = 0;
			defaultConfigurationName = Release;
		};
		86888A822C16D0F000E90FF0 /* Build configuration list for PBXNativeTarget "List_Exercise_FourUITests" */ = {
			isa = XCConfigurationList;
			buildConfigurations = (
				86888A832C16D0F000E90FF0 /* Debug */,
				86888A842C16D0F000E90FF0 /* Release */,
			);
			defaultConfigurationIsVisible = 0;
			defaultConfigurationName = Release;
		};
/* End XCConfigurationList section */
	};
	rootObject = 86888A502C16D0EF00E90FF0 /* Project object */;
}
